
Microsoft Visual Studio Solution File, Format Version 12.00
# Visual Studio Version 17
VisualStudioVersion = 17.8.34322.80
MinimumVisualStudioVersion = 10.0.40219.1
Project("{9A19103F-16F7-4668-BE54-9A1E7A4F7556}") = "Api", "Api\Api.csproj", "{B8D40C7C-D094-47D3-BFD4-6CCF43CFB7DA}"
EndProject
Project("{9A19103F-16F7-4668-BE54-9A1E7A4F7556}") = "Application", "Application\Application.csproj", "{95C1C18A-8F67-4A9D-9344-A2689BA4719C}"
EndProject
Project("{9A19103F-16F7-4668-BE54-9A1E7A4F7556}") = "Domain", "Domain\Domain.csproj", "{76721C7A-910A-4260-9970-3BD945EC185A}"
EndProject
Project("{9A19103F-16F7-4668-BE54-9A1E7A4F7556}") = "Infrastructure", "Infrastructure\Infrastructure.csproj", "{4AA573A8-E064-4C1C-B35B-0A7D674BE6FA}"
EndProject
Project("{FAE04EC0-301F-11D3-BF4B-00C04F79EFBC}") = "Contracts", "Contracts\Contracts.csproj", "{A66FA4FF-6CD1-4051-A9E3-695B33366FE2}"
EndProject
Global
	GlobalSection(SolutionConfigurationPlatforms) = preSolution
		Debug|Any CPU = Debug|Any CPU
		Release|Any CPU = Release|Any CPU
	EndGlobalSection
	GlobalSection(ProjectConfigurationPlatforms) = postSolution
		{B8D40C7C-D094-47D3-BFD4-6CCF43CFB7DA}.Debug|Any CPU.ActiveCfg = Debug|Any CPU
		{B8D40C7C-D094-47D3-BFD4-6CCF43CFB7DA}.Debug|Any CPU.Build.0 = Debug|Any CPU
		{B8D40C7C-D094-47D3-BFD4-6CCF43CFB7DA}.Release|Any CPU.ActiveCfg = Release|Any CPU
		{B8D40C7C-D094-47D3-BFD4-6CCF43CFB7DA}.Release|Any CPU.Build.0 = Release|Any CPU
		{95C1C18A-8F67-4A9D-9344-A2689BA4719C}.Debug|Any CPU.ActiveCfg = Debug|Any CPU
		{95C1C18A-8F67-4A9D-9344-A2689BA4719C}.Debug|Any CPU.Build.0 = Debug|Any CPU
		{95C1C18A-8F67-4A9D-9344-A2689BA4719C}.Release|Any CPU.ActiveCfg = Release|Any CPU
		{95C1C18A-8F67-4A9D-9344-A2689BA4719C}.Release|Any CPU.Build.0 = Release|Any CPU
		{76721C7A-910A-4260-9970-3BD945EC185A}.Debug|Any CPU.ActiveCfg = Debug|Any CPU
		{76721C7A-910A-4260-9970-3BD945EC185A}.Debug|Any CPU.Build.0 = Debug|Any CPU
		{76721C7A-910A-4260-9970-3BD945EC185A}.Release|Any CPU.ActiveCfg = Release|Any CPU
		{76721C7A-910A-4260-9970-3BD945EC185A}.Release|Any CPU.Build.0 = Release|Any CPU
		{4AA573A8-E064-4C1C-B35B-0A7D674BE6FA}.Debug|Any CPU.ActiveCfg = Debug|Any CPU
		{4AA573A8-E064-4C1C-B35B-0A7D674BE6FA}.Debug|Any CPU.Build.0 = Debug|Any CPU
		{4AA573A8-E064-4C1C-B35B-0A7D674BE6FA}.Release|Any CPU.ActiveCfg = Release|Any CPU
		{4AA573A8-E064-4C1C-B35B-0A7D674BE6FA}.Release|Any CPU.Build.0 = Release|Any CPU
		{A66FA4FF-6CD1-4051-A9E3-695B33366FE2}.Debug|Any CPU.ActiveCfg = Debug|Any CPU
		{A66FA4FF-6CD1-4051-A9E3-695B33366FE2}.Debug|Any CPU.Build.0 = Debug|Any CPU
		{A66FA4FF-6CD1-4051-A9E3-695B33366FE2}.Release|Any CPU.ActiveCfg = Release|Any CPU
		{A66FA4FF-6CD1-4051-A9E3-695B33366FE2}.Release|Any CPU.Build.0 = Release|Any CPU
	EndGlobalSection
	GlobalSection(SolutionProperties) = preSolution
		HideSolutionNode = FALSE
	EndGlobalSection
	GlobalSection(ExtensibilityGlobals) = postSolution
		SolutionGuid = {A5753221-EB60-4B4B-9576-6136A9A716D9}
	EndGlobalSection
EndGlobal
